# This file is automatically @generated by Wally.
# It is not intended for manual editing.
registry = "test"

[[package]]
name = "evaera/promise"
version = "3.1.0"
dependencies = []

[[package]]
name = "shane/portal"
version = "0.1.0"
dependencies = [["Promise", "evaera/promise@3.1.0"], ["t", "shanebutt/t@1.3.1"]]

[[package]]
name = "shanebutt/t"
version = "1.3.1"
dependencies = []
